<?xml version="1.0" encoding="utf-8"?>
<Project ToolsVersion="4.0" xmlns="http://schemas.microsoft.com/developer/msbuild/2003">
  <ItemGroup>
    <Filter Include="Core">
      <UniqueIdentifier>{4FC737F1-C7A5-4376-A066-2A32D752A2FF}</UniqueIdentifier>
      <Extensions>cpp;c;cc;cxx;def;odl;idl;hpj;bat;asm;asmx</Extensions>
    </Filter>
    <Filter Include="Modules">
      <UniqueIdentifier>{93995380-89BD-4b04-88EB-625FBE52EBFB}</UniqueIdentifier>
      <Extensions>h;hh;hpp;hxx;hm;inl;inc;xsd</Extensions>
    </Filter>
    <Filter Include="Containers">
      <UniqueIdentifier>{78a7f487-1d77-4fdc-9f51-f067eccd6239}</UniqueIdentifier>
    </Filter>
    <Filter Include="Modules\Enemies">
      <UniqueIdentifier>{80c7d80e-c1d5-40e4-99f0-3e65a0ee8834}</UniqueIdentifier>
    </Filter>
    <Filter Include="Modules\Physics">
      <UniqueIdentifier>{f439ee4b-bfb8-44e8-9756-6a2e9e8d8697}</UniqueIdentifier>
    </Filter>
    <Filter Include="Modules\Scenes">
      <UniqueIdentifier>{517988cf-078f-4367-9cc4-360fd56e5c74}</UniqueIdentifier>
    </Filter>
    <Filter Include="Modules\Player">
      <UniqueIdentifier>{221b7d27-354c-45c5-9d86-054949e2d31d}</UniqueIdentifier>
    </Filter>
    <Filter Include="Modules\Base">
      <UniqueIdentifier>{6d12ca40-b1a6-4112-aecb-50b2e82f7d71}</UniqueIdentifier>
    </Filter>
    <Filter Include="Modules\Base\Controllers">
      <UniqueIdentifier>{0ea405b5-b451-4401-b664-efb3740259d9}</UniqueIdentifier>
    </Filter>
    <Filter Include="Modules\Base\Initializing">
      <UniqueIdentifier>{5b431691-4ba4-4578-af84-5752bf975e15}</UniqueIdentifier>
    </Filter>
    <Filter Include="Modules\Enemies\Enemy Types">
      <UniqueIdentifier>{369e13c9-038e-4697-b867-4a7b41e3e1bf}</UniqueIdentifier>
    </Filter>
    <Filter Include="Modules\Enemies\Enemy Types\Room1">
      <UniqueIdentifier>{bff71028-5722-4d13-96ea-f77f1e137458}</UniqueIdentifier>
    </Filter>
  </ItemGroup>
  <ItemGroup>
    <ClInclude Include="Module.h">
      <Filter>Modules</Filter>
    </ClInclude>
    <ClInclude Include="MemLeaks.h">
      <Filter>Core</Filter>
    </ClInclude>
    <ClInclude Include="Globals.h">
      <Filter>Core</Filter>
    </ClInclude>
    <ClInclude Include="Application.h">
      <Filter>Core</Filter>
    </ClInclude>
    <ClInclude Include="p2Point.h">
      <Filter>Containers</Filter>
    </ClInclude>
    <ClInclude Include="Animation.h">
      <Filter>Containers</Filter>
    </ClInclude>
    <ClInclude Include="Enemy.h">
      <Filter>Modules\Enemies</Filter>
    </ClInclude>
    <ClInclude Include="Path.h">
      <Filter>Containers</Filter>
    </ClInclude>
    <ClInclude Include="ModuleCollision.h">
      <Filter>Modules\Physics</Filter>
    </ClInclude>
    <ClInclude Include="ModuleParticles.h">
      <Filter>Modules\Physics</Filter>
    </ClInclude>
    <ClInclude Include="ModuleSceneIntro.h">
      <Filter>Modules\Scenes</Filter>
    </ClInclude>
    <ClInclude Include="ModuleInput.h">
      <Filter>Modules\Base\Controllers</Filter>
    </ClInclude>
    <ClInclude Include="ModuleFadeToBlack.h">
      <Filter>Modules\Base\Controllers</Filter>
    </ClInclude>
    <ClInclude Include="ModuleEnemies.h">
      <Filter>Modules\Enemies</Filter>
    </ClInclude>
    <ClInclude Include="ModulePlayer.h">
      <Filter>Modules\Player</Filter>
    </ClInclude>
    <ClInclude Include="ModuleRender.h">
      <Filter>Modules\Base\Initializing</Filter>
    </ClInclude>
    <ClInclude Include="ModuleTextures.h">
      <Filter>Modules\Base\Initializing</Filter>
    </ClInclude>
    <ClInclude Include="ModuleWindow.h">
      <Filter>Modules\Base\Initializing</Filter>
    </ClInclude>
    <ClInclude Include="ModuleScene1.h">
      <Filter>Modules\Scenes</Filter>
    </ClInclude>
    <ClInclude Include="EnemyRapier.h">
      <Filter>Modules\Enemies\Enemy Types\Room1</Filter>
    </ClInclude>
    <ClInclude Include="EnemyCranberry.h">
      <Filter>Modules\Enemies\Enemy Types\Room1</Filter>
    </ClInclude>
    <ClInclude Include="EnemyBile.h">
      <Filter>Modules\Enemies\Enemy Types\Room1</Filter>
    </ClInclude>
  </ItemGroup>
  <ItemGroup>
    <ClCompile Include="Main.cpp">
      <Filter>Core</Filter>
    </ClCompile>
    <ClCompile Include="Application.cpp">
      <Filter>Core</Filter>
    </ClCompile>
    <ClCompile Include="Globals.cpp">
      <Filter>Core</Filter>
    </ClCompile>
    <ClCompile Include="Enemy.cpp">
      <Filter>Modules\Enemies</Filter>
    </ClCompile>
    <ClCompile Include="ModuleCollision.cpp">
      <Filter>Modules\Physics</Filter>
    </ClCompile>
    <ClCompile Include="ModuleParticles.cpp">
      <Filter>Modules\Physics</Filter>
    </ClCompile>
    <ClCompile Include="ModuleSceneIntro.cpp">
      <Filter>Modules\Scenes</Filter>
    </ClCompile>
    <ClCompile Include="ModuleInput.cpp">
      <Filter>Modules\Base\Controllers</Filter>
    </ClCompile>
    <ClCompile Include="ModuleFadeToBlack.cpp">
      <Filter>Modules\Base\Controllers</Filter>
    </ClCompile>
    <ClCompile Include="ModuleEnemies.cpp">
      <Filter>Modules\Enemies</Filter>
    </ClCompile>
    <ClCompile Include="ModulePlayer.cpp">
      <Filter>Modules\Player</Filter>
    </ClCompile>
    <ClCompile Include="ModuleRender.cpp">
      <Filter>Modules\Base\Initializing</Filter>
    </ClCompile>
    <ClCompile Include="ModuleTextures.cpp">
      <Filter>Modules\Base\Initializing</Filter>
    </ClCompile>
    <ClCompile Include="ModuleWindow.cpp">
      <Filter>Modules\Base\Initializing</Filter>
    </ClCompile>
    <ClCompile Include="ModuleScene1.cpp">
      <Filter>Modules\Scenes</Filter>
    </ClCompile>
    <ClCompile Include="EnemyRapier.cpp">
      <Filter>Modules\Enemies\Enemy Types\Room1</Filter>
    </ClCompile>
    <ClCompile Include="EnemyCranberry.cpp">
      <Filter>Modules\Enemies\Enemy Types\Room1</Filter>
    </ClCompile>
    <ClCompile Include="EnemyBile.cpp">
      <Filter>Modules\Enemies\Enemy Types\Room1</Filter>
    </ClCompile>
  </ItemGroup>
</Project>